{
  "name": "omarchy-light-service",
  "version": "0.6.0",
  "lockfileVersion": 3,
  "requires": true,
  "packages": {
    "": {
      "name": "omarchy-light-service",
      "version": "0.6.0",
      "license": "MIT",
      "dependencies": {
        "@youversion/platform-core": "^2.14.0"
      },
      "bin": {
        "light-service": "src/daemon.js"
      },
      "engines": {
        "node": ">=22.5.0"
      }
    },
    "node_modules/@youversion/platform-core": {
      "version": "2.14.0",
      "resolved": "https://registry.npmjs.org/@youversion/platform-core/-/platform-core-2.14.0.tgz",
      "integrity": "sha512-rB9c4raqW1blY2BQ6MMO1mlqYJfKsdK4NOGRVpY9Zr/c2AMOAvnAh7LYhEQFr/ekltgyCRGplX701puw3EN4FQ==",
      "license": "Apache-2.0",
      "dependencies": {
        "zod": "4.1.12"
      },
      "peerDependencies": {
        "jsdom": "^24.0.0 || ^28.0.0"
      },
      "peerDependenciesMeta": {
        "jsdom": {
          "optional": true
        }
      }
    },
    "node_modules/zod": {
      "version": "4.1.12",
      "resolved": "https://registry.npmjs.org/zod/-/zod-4.1.12.tgz",
      "integrity": "sha512-JInaHOamG8pt5+Ey8kGmdcAcg3OL9reK8ltczgHTAwNhMys/6ThXHityHxVV2p3fkw/c+MAvBHFVYHFZDmjMCQ==",
      "license": "MIT",
      "funding": {
        "url": "https://github.com/sponsors/colinhacks"
      }
    }
  }
}
